Microsoft Visual Studio Solution File, Format Version 11.00
# Visual Studio 2008

Project("{AC7186C7-D0C3-2476-3EC9-B9AAB446B1D3}") = "FunTama3D", "Assembly-CSharp.csproj", "{1D7D0CB7-0631-DAB9-ED16-D75854C6E7A9}"
EndProject
Global
	GlobalSection(SolutionConfigurationPlatforms) = preSolution
		Debug|Any CPU = Debug|Any CPU
		Release|Any CPU = Release|Any CPU
	EndGlobalSection
	GlobalSection(ProjectConfigurationPlatforms) = postSolution
		{1D7D0CB7-0631-DAB9-ED16-D75854C6E7A9}.Debug|Any CPU.ActiveCfg = Debug|Any CPU
		{1D7D0CB7-0631-DAB9-ED16-D75854C6E7A9}.Debug|Any CPU.Build.0 = Debug|Any CPU
		{1D7D0CB7-0631-DAB9-ED16-D75854C6E7A9}.Release|Any CPU.ActiveCfg = Release|Any CPU
		{1D7D0CB7-0631-DAB9-ED16-D75854C6E7A9}.Release|Any CPU.Build.0 = Release|Any CPU
	EndGlobalSection
	GlobalSection(SolutionProperties) = preSolution
		HideSolutionNode = FALSE
	EndGlobalSection
	GlobalSection(MonoDevelopProperties) = preSolution
		StartupItem = Assembly-CSharp.csproj
	EndGlobalSection
EndGlobal
